// !$*UTF8*$!
{
	archiveVersion = 1;
	classes = {
	};
	objectVersion = 46;
	objects = {

/* Begin PBXBuildFile section */
		4ACC37881EACBA8F00514D90 /* AppDelegate.swift in Sources */ = {isa = PBXBuildFile; fileRef = 4ACC37871EACBA8F00514D90 /* AppDelegate.swift */; };
		4ACC378A1EACBA8F00514D90 /* ViewController.swift in Sources */ = {isa = PBXBuildFile; fileRef = 4ACC37891EACBA8F00514D90 /* ViewController.swift */; };
		4ACC378D1EACBA8F00514D90 /* Main.storyboard in Resources */ = {isa = PBXBuildFile; fileRef = 4ACC378B1EACBA8F00514D90 /* Main.storyboard */; };
		4ACC378F1EACBA8F00514D90 /* Assets.xcassets in Resources */ = {isa = PBXBuildFile; fileRef = 4ACC378E1EACBA8F00514D90 /* Assets.xcassets */; };
		4ACC37921EACBA8F00514D90 /* LaunchScreen.storyboard in Resources */ = {isa = PBXBuildFile; fileRef = 4ACC37901EACBA8F00514D90 /* LaunchScreen.storyboard */; };
		4ACC379A1EACBAAF00514D90 /* SpeachController.swift in Sources */ = {isa = PBXBuildFile; fileRef = 4ACC37991EACBAAF00514D90 /* SpeachController.swift */; };
/* End PBXBuildFile section */

/* Begin PBXFileReference section */
		4ACC37841EACBA8F00514D90 /* AVFoundation1.app */ = {isa = PBXFileReference; explicitFileType = wrapper.application; includeInIndex = 0; path = AVFoundation1.app; sourceTree = BUILT_PRODUCTS_DIR; };
		4ACC37871EACBA8F00514D90 /* AppDelegate.swift */ = {isa = PBXFileReference; lastKnownFileType = sourcecode.swift; path = AppDelegate.swift; sourceTree = "<group>"; };
		4ACC37891EACBA8F00514D90 /* ViewController.swift */ = {isa = PBXFileReference; lastKnownFileType = sourcecode.swift; path = ViewController.swift; sourceTree = "<group>"; };
		4ACC378C1EACBA8F00514D90 /* Base */ = {isa = PBXFileReference; lastKnownFileType = file.storyboard; name = Base; path = Base.lproj/Main.storyboard; sourceTree = "<group>"; };
		4ACC378E1EACBA8F00514D90 /* Assets.xcassets */ = {isa = PBXFileReference; lastKnownFileType = folder.assetcatalog; path = Assets.xcassets; sourceTree = "<group>"; };
		4ACC37911EACBA8F00514D90 /* Base */ = {isa = PBXFileReference; lastKnownFileType = file.storyboard; name = Base; path = Base.lproj/LaunchScreen.storyboard; sourceTree = "<group>"; };
		4ACC37931EACBA8F00514D90 /* Info.plist */ = {isa = PBXFileReference; lastKnownFileType = text.plist.xml; path = Info.plist; sourceTree = "<group>"; };
		4ACC37991EACBAAF00514D90 /* SpeachController.swift */ = {isa = PBXFileReference; fileEncoding = 4; lastKnownFileType = sourcecode.swift; path = SpeachController.swift; sourceTree = "<group>"; };
/* End PBXFileReference section */

/* Begin PBXFrameworksBuildPhase section */
		4ACC37811EACBA8F00514D90 /* Frameworks */ = {
			isa = PBXFrameworksBuildPhase;
			buildActionMask = 2147483647;
			files = (
			);
			runOnlyForDeploymentPostprocessing = 0;
		};
/* End PBXFrameworksBuildPhase section */

/* Begin PBXGroup section */
		4ACC377B1EACBA8F00514D90 = {
			isa = PBXGroup;
			children = (
				4ACC37861EACBA8F00514D90 /* AVFoundation1 */,
				4ACC37851EACBA8F00514D90 /* Products */,
			);
			sourceTree = "<group>";
		};
		4ACC37851EACBA8F00514D90 /* Products */ = {
			isa = PBXGroup;
			children = (
				4ACC37841EACBA8F00514D90 /* AVFoundation1.app */,
			);
			name = Products;
			sourceTree = "<group>";
		};
		4ACC37861EACBA8F00514D90 /* AVFoundation1 */ = {
			isa = PBXGroup;
			children = (
				4ACC37871EACBA8F00514D90 /* AppDelegate.swift */,
				4ACC37891EACBA8F00514D90 /* ViewController.swift */,
				4ACC378B1EACBA8F00514D90 /* Main.storyboard */,
				4ACC378E1EACBA8F00514D90 /* Assets.xcassets */,
				4ACC37901EACBA8F00514D90 /* LaunchScreen.storyboard */,
				4ACC37931EACBA8F00514D90 /* Info.plist */,
				4ACC37991EACBAAF00514D90 /* SpeachController.swift */,
			);
			path = AVFoundation1;
			sourceTree = "<group>";
		};
/* End PBXGroup section */

/* Begin PBXNativeTarget section */
		4ACC37831EACBA8F00514D90 /* AVFoundation1 */ = {
			isa = PBXNativeTarget;
			buildConfigurationList = 4ACC37961EACBA8F00514D90 /* Build configuration list for PBXNativeTarget "AVFoundation1" */;
			buildPhases = (
				4ACC37801EACBA8F00514D90 /* Sources */,
				4ACC37811EACBA8F00514D90 /* Frameworks */,
				4ACC37821EACBA8F00514D90 /* Resources */,
			);
			buildRules = (
			);
			dependencies = (
			);
			name = AVFoundation1;
			productName = AVFoundation1;
			productReference = 4ACC37841EACBA8F00514D90 /* AVFoundation1.app */;
			productType = "com.apple.product-type.application";
		};
/* End PBXNativeTarget section */

/* Begin PBXProject section */
		4ACC377C1EACBA8F00514D90 /* Project object */ = {
			isa = PBXProject;
			attributes = {
				LastSwiftUpdateCheck = 0830;
				LastUpgradeCheck = 0830;
				ORGANIZATIONNAME = NAVER;
				TargetAttributes = {
					4ACC37831EACBA8F00514D90 = {
						CreatedOnToolsVersion = 8.3;
						ProvisioningStyle = Automatic;
					};
				};
			};
			buildConfigurationList = 4ACC377F1EACBA8F00514D90 /* Build configuration list for PBXProject "AVFoundation1" */;
			compatibilityVersion = "Xcode 3.2";
			developmentRegion = English;
			hasScannedForEncodings = 0;
			knownRegions = (
				en,
				Base,
			);
			mainGroup = 4ACC377B1EACBA8F00514D90;
			productRefGroup = 4ACC37851EACBA8F00514D90 /* Products */;
			projectDirPath = "";
			projectRoot = "";
			targets = (
				4ACC37831EACBA8F00514D90 /* AVFoundation1 */,
			);
		};
/* End PBXProject section */

/* Begin PBXResourcesBuildPhase section */
		4ACC37821EACBA8F00514D90 /* Resources */ = {
			isa = PBXResourcesBuildPhase;
			buildActionMask = 2147483647;
			files = (
				4ACC37921EACBA8F00514D90 /* LaunchScreen.storyboard in Resources */,
				4ACC378F1EACBA8F00514D90 /* Assets.xcassets in Resources */,
				4ACC378D1EACBA8F00514D90 /* Main.storyboard in Resources */,
			);
			runOnlyForDeploymentPostprocessing = 0;
		};
/* End PBXResourcesBuildPhase section */

/* Begin PBXSourcesBuildPhase section */
		4ACC37801EACBA8F00514D90 /* Sources */ = {
			isa = PBXSourcesBuildPhase;
			buildActionMask = 2147483647;
			files = (
				4ACC378A1EACBA8F00514D90 /* ViewController.swift in Sources */,
				4ACC379A1EACBAAF00514D90 /* SpeachController.swift in Sources */,
				4ACC37881EACBA8F00514D90 /* AppDelegate.swift in Sources */,
			);
			runOnlyForDeploymentPostprocessing = 0;
		};
/* End PBXSourcesBuildPhase section */

/* Begin PBXVariantGroup section */
		4ACC378B1EACBA8F00514D90 /* Main.storyboard */ = {
			isa = PBXVariantGroup;
			children = (
				4ACC378C1EACBA8F00514D90 /* Base */,
			);
			name = Main.storyboard;
			sourceTree = "<group>";
		};
		4ACC37901EACBA8F00514D90 /* LaunchScreen.storyboard */ = {
			isa = PBXVariantGroup;
			children = (
				4ACC37911EACBA8F00514D90 /* Base */,
			);
			name = LaunchScreen.storyboard;
			sourceTree = "<group>";
		};
/* End PBXVariantGroup section */

/* Begin XCBuildConfiguration section */
		4ACC37941EACBA8F00514D90 /* Debug */ = {
			isa = XCBuildConfiguration;
			buildSettings = {
				ALWAYS_SEARCH_USER_PATHS = NO;
				CLANG_ANALYZER_NONNULL = YES;
				CLANG_ANALYZER_NUMBER_OBJECT_CONVERSION = YES_AGGRESSIVE;
				CLANG_CXX_LANGUAGE_STANDARD = "gnu++0x";
				CLANG_CXX_LIBRARY = "libc++";
				CLANG_ENABLE_MODULES = YES;
				CLANG_ENABLE_OBJC_ARC = YES;
				CLANG_WARN_BOOL_CONVERSION = YES;
				CLANG_WARN_CONSTANT_CONVERSION = YES;
				CLANG_WARN_DIRECT_OBJC_ISA_USAGE = YES_ERROR;
				CLANG_WARN_DOCUMENTATION_COMMENTS = YES;
				CLANG_WARN_EMPTY_BODY = YES;
				CLANG_WARN_ENUM_CONVERSION = YES;
				CLANG_WARN_INFINITE_RECURSION = YES;
				CLANG_WARN_INT_CONVERSION = YES;
				CLANG_WARN_OBJC_ROOT_CLASS = YES_ERROR;
				CLANG_WARN_SUSPICIOUS_MOVE = YES;
				CLANG_WARN_UNREACHABLE_CODE = YES;
				CLANG_WARN__DUPLICATE_METHOD_MATCH = YES;
				"CODE_SIGN_IDENTITY[sdk=iphoneos*]" = "iPhone Developer";
				COPY_PHASE_STRIP = NO;
				DEBUG_INFORMATION_FORMAT = dwarf;
				ENABLE_STRICT_OBJC_MSGSEND = YES;
				ENABLE_TESTABILITY = YES;
				GCC_C_LANGUAGE_STANDARD = gnu99;
				GCC_DYNAMIC_NO_PIC = NO;
				GCC_NO_COMMON_BLOCKS = YES;
				GCC_OPTIMIZATION_LEVEL = 0;
				GCC_PREPROCESSOR_DEFINITIONS = (
					"DEBUG=1",
					"$(inherited)",
				);
				GCC_WARN_64_TO_32_BIT_CONVERSION = YES;
				GCC_WARN_ABOUT_RETURN_TYPE = YES_ERROR;
				GCC_WARN_UNDECLARED_SELECTOR = YES;
				GCC_WARN_UNINITIALIZED_AUTOS = YES_AGGRESSIVE;
				GCC_WARN_UNUSED_FUNCTION = YES;
				GCC_WARN_UNUSED_VARIABLE = YES;
				IPHONEOS_DEPLOYMENT_TARGET = 10.3;
				MTL_ENABLE_DEBUG_INFO = YES;
				ONLY_ACTIVE_ARCH = YES;
				SDKROOT = iphoneos;
				SWIFT_ACTIVE_COMPILATION_CONDITIONS = DEBUG;
				SWIFT_OPTIMIZATION_LEVEL = "-Onone";
			};
			name = Debug;
		};
		4ACC37951EACBA8F00514D90 /* Release */ = {
			isa = XCBuildConfiguration;
			buildSettings = {
				ALWAYS_SEARCH_USER_PATHS = NO;
				CLANG_ANALYZER_NONNULL = YES;
				CLANG_ANALYZER_NUMBER_OBJECT_CONVERSION = YES_AGGRESSIVE;
				CLANG_CXX_LANGUAGE_STANDARD = "gnu++0x";
				CLANG_CXX_LIBRARY = "libc++";
				CLANG_ENABLE_MODULES = YES;
				CLANG_ENABLE_OBJC_ARC = YES;
				CLANG_WARN_BOOL_CONVERSION = YES;
				CLANG_WARN_CONSTANT_CONVERSION = YES;
				CLANG_WARN_DIRECT_OBJC_ISA_USAGE = YES_ERROR;
				CLANG_WARN_DOCUMENTATION_COMMENTS = YES;
				CLANG_WARN_EMPTY_BODY = YES;
				CLANG_WARN_ENUM_CONVERSION = YES;
				CLANG_WARN_INFINITE_RECURSION = YES;
				CLANG_WARN_INT_CONVERSION = YES;
				CLANG_WARN_OBJC_ROOT_CLASS = YES_ERROR;
				CLANG_WARN_SUSPICIOUS_MOVE = YES;
				CLANG_WARN_UNREACHABLE_CODE = YES;
				CLANG_WARN__DUPLICATE_METHOD_MATCH = YES;
				"CODE_SIGN_IDENTITY[sdk=iphoneos*]" = "iPhone Developer";
				COPY_PHASE_STRIP = NO;
				DEBUG_INFORMATION_FORMAT = "dwarf-with-dsym";
				ENABLE_NS_ASSERTIONS = NO;
				ENABLE_STRICT_OBJC_MSGSEND = YES;
				GCC_C_LANGUAGE_STANDARD = gnu99;
				GCC_NO_COMMON_BLOCKS = YES;
				GCC_WARN_64_TO_32_BIT_CONVERSION = YES;
				GCC_WARN_ABOUT_RETURN_TYPE = YES_ERROR;
				GCC_WARN_UNDECLARED_SELECTOR = YES;
				GCC_WARN_UNINITIALIZED_AUTOS = YES_AGGRESSIVE;
				GCC_WARN_UNUSED_FUNCTION = YES;
				GCC_WARN_UNUSED_VARIABLE = YES;
				IPHONEOS_DEPLOYMENT_TARGET = 10.3;
				MTL_ENABLE_DEBUG_INFO = NO;
				SDKROOT = iphoneos;
				SWIFT_OPTIMIZATION_LEVEL = "-Owholemodule";
				VALIDATE_PRODUCT = YES;
			};
			name = Release;
		};
		4ACC37971EACBA8F00514D90 /* Debug */ = {
			isa = XCBuildConfiguration;
			buildSettings = {
				ASSETCATALOG_COMPILER_APPICON_NAME = AppIcon;
				INFOPLIST_FILE = AVFoundation1/Info.plist;
				LD_RUNPATH_SEARCH_PATHS = "$(inherited) @executable_path/Frameworks";
				PRODUCT_BUNDLE_IDENTIFIER = com.nhncorp.AVFOundation.AVFoundation1;
				PRODUCT_NAME = "$(TARGET_NAME)";
				SWIFT_VERSION = 3.0;
			};
			name = Debug;
		};
		4ACC37981EACBA8F00514D90 /* Release */ = {
			isa = XCBuildConfiguration;
			buildSettings = {
				ASSETCATALOG_COMPILER_APPICON_NAME = AppIcon;
				INFOPLIST_FILE = AVFoundation1/Info.plist;
				LD_RUNPATH_SEARCH_PATHS = "$(inherited) @executable_path/Frameworks";
				PRODUCT_BUNDLE_IDENTIFIER = com.nhncorp.AVFOundation.AVFoundation1;
				PRODUCT_NAME = "$(TARGET_NAME)";
				SWIFT_VERSION = 3.0;
			};
			name = Release;
		};
/* End XCBuildConfiguration section */

/* Begin XCConfigurationList section */
		4ACC377F1EACBA8F00514D90 /* Build configuration list for PBXProject "AVFoundation1" */ = {
			isa = XCConfigurationList;
			buildConfigurations = (
				4ACC37941EACBA8F00514D90 /* Debug */,
				4ACC37951EACBA8F00514D90 /* Release */,
			);
			defaultConfigurationIsVisible = 0;
			defaultConfigurationName = Release;
		};
		4ACC37961EACBA8F00514D90 /* Build configuration list for PBXNativeTarget "AVFoundation1" */ = {
			isa = XCConfigurationList;
			buildConfigurations = (
				4ACC37971EACBA8F00514D90 /* Debug */,
				4ACC37981EACBA8F00514D90 /* Release */,
			);
			defaultConfigurationIsVisible = 0;
		};
/* End XCConfigurationList section */
	};
	rootObject = 4ACC377C1EACBA8F00514D90 /* Project object */;
}
