// !$*UTF8*$!
{
	archiveVersion = 1;
	classes = {
	};
	objectVersion = 46;
	objects = {

/* Begin PBXBuildFile section */
		4A5B9C401ECC9CEB0016DA07 /* AppDelegate.swift in Sources */ = {isa = PBXBuildFile; fileRef = 4A5B9C3F1ECC9CEB0016DA07 /* AppDelegate.swift */; };
		4A5B9C421ECC9CEB0016DA07 /* ViewController.swift in Sources */ = {isa = PBXBuildFile; fileRef = 4A5B9C411ECC9CEB0016DA07 /* ViewController.swift */; };
		4A5B9C451ECC9CEB0016DA07 /* Main.storyboard in Resources */ = {isa = PBXBuildFile; fileRef = 4A5B9C431ECC9CEB0016DA07 /* Main.storyboard */; };
		4A5B9C471ECC9CEB0016DA07 /* Assets.xcassets in Resources */ = {isa = PBXBuildFile; fileRef = 4A5B9C461ECC9CEB0016DA07 /* Assets.xcassets */; };
		4A5B9C4A1ECC9CEB0016DA07 /* LaunchScreen.storyboard in Resources */ = {isa = PBXBuildFile; fileRef = 4A5B9C481ECC9CEB0016DA07 /* LaunchScreen.storyboard */; };
		4A5B9C521ECC9D060016DA07 /* ALAssetsLibrary.swift in Sources */ = {isa = PBXBuildFile; fileRef = 4A5B9C511ECC9D060016DA07 /* ALAssetsLibrary.swift */; };
		4A5B9C541ECC9D940016DA07 /* IPODLibrary.swift in Sources */ = {isa = PBXBuildFile; fileRef = 4A5B9C531ECC9D940016DA07 /* IPODLibrary.swift */; };
		4A5B9C561ECC9FD10016DA07 /* AsyncLoad.swift in Sources */ = {isa = PBXBuildFile; fileRef = 4A5B9C551ECC9FD10016DA07 /* AsyncLoad.swift */; };
/* End PBXBuildFile section */

/* Begin PBXFileReference section */
		4A5B9C3C1ECC9CEB0016DA07 /* AVAsset.app */ = {isa = PBXFileReference; explicitFileType = wrapper.application; includeInIndex = 0; path = AVAsset.app; sourceTree = BUILT_PRODUCTS_DIR; };
		4A5B9C3F1ECC9CEB0016DA07 /* AppDelegate.swift */ = {isa = PBXFileReference; lastKnownFileType = sourcecode.swift; path = AppDelegate.swift; sourceTree = "<group>"; };
		4A5B9C411ECC9CEB0016DA07 /* ViewController.swift */ = {isa = PBXFileReference; lastKnownFileType = sourcecode.swift; path = ViewController.swift; sourceTree = "<group>"; };
		4A5B9C441ECC9CEB0016DA07 /* Base */ = {isa = PBXFileReference; lastKnownFileType = file.storyboard; name = Base; path = Base.lproj/Main.storyboard; sourceTree = "<group>"; };
		4A5B9C461ECC9CEB0016DA07 /* Assets.xcassets */ = {isa = PBXFileReference; lastKnownFileType = folder.assetcatalog; path = Assets.xcassets; sourceTree = "<group>"; };
		4A5B9C491ECC9CEB0016DA07 /* Base */ = {isa = PBXFileReference; lastKnownFileType = file.storyboard; name = Base; path = Base.lproj/LaunchScreen.storyboard; sourceTree = "<group>"; };
		4A5B9C4B1ECC9CEB0016DA07 /* Info.plist */ = {isa = PBXFileReference; lastKnownFileType = text.plist.xml; path = Info.plist; sourceTree = "<group>"; };
		4A5B9C511ECC9D060016DA07 /* ALAssetsLibrary.swift */ = {isa = PBXFileReference; fileEncoding = 4; lastKnownFileType = sourcecode.swift; path = ALAssetsLibrary.swift; sourceTree = "<group>"; };
		4A5B9C531ECC9D940016DA07 /* IPODLibrary.swift */ = {isa = PBXFileReference; fileEncoding = 4; lastKnownFileType = sourcecode.swift; path = IPODLibrary.swift; sourceTree = "<group>"; };
		4A5B9C551ECC9FD10016DA07 /* AsyncLoad.swift */ = {isa = PBXFileReference; fileEncoding = 4; lastKnownFileType = sourcecode.swift; path = AsyncLoad.swift; sourceTree = "<group>"; };
/* End PBXFileReference section */

/* Begin PBXFrameworksBuildPhase section */
		4A5B9C391ECC9CEB0016DA07 /* Frameworks */ = {
			isa = PBXFrameworksBuildPhase;
			buildActionMask = 2147483647;
			files = (
			);
			runOnlyForDeploymentPostprocessing = 0;
		};
/* End PBXFrameworksBuildPhase section */

/* Begin PBXGroup section */
		4A5B9C331ECC9CEB0016DA07 = {
			isa = PBXGroup;
			children = (
				4A5B9C3E1ECC9CEB0016DA07 /* AVAsset */,
				4A5B9C3D1ECC9CEB0016DA07 /* Products */,
			);
			sourceTree = "<group>";
		};
		4A5B9C3D1ECC9CEB0016DA07 /* Products */ = {
			isa = PBXGroup;
			children = (
				4A5B9C3C1ECC9CEB0016DA07 /* AVAsset.app */,
			);
			name = Products;
			sourceTree = "<group>";
		};
		4A5B9C3E1ECC9CEB0016DA07 /* AVAsset */ = {
			isa = PBXGroup;
			children = (
				4A5B9C3F1ECC9CEB0016DA07 /* AppDelegate.swift */,
				4A5B9C411ECC9CEB0016DA07 /* ViewController.swift */,
				4A5B9C431ECC9CEB0016DA07 /* Main.storyboard */,
				4A5B9C461ECC9CEB0016DA07 /* Assets.xcassets */,
				4A5B9C481ECC9CEB0016DA07 /* LaunchScreen.storyboard */,
				4A5B9C4B1ECC9CEB0016DA07 /* Info.plist */,
				4A5B9C511ECC9D060016DA07 /* ALAssetsLibrary.swift */,
				4A5B9C531ECC9D940016DA07 /* IPODLibrary.swift */,
				4A5B9C551ECC9FD10016DA07 /* AsyncLoad.swift */,
			);
			path = AVAsset;
			sourceTree = "<group>";
		};
/* End PBXGroup section */

/* Begin PBXNativeTarget section */
		4A5B9C3B1ECC9CEB0016DA07 /* AVAsset */ = {
			isa = PBXNativeTarget;
			buildConfigurationList = 4A5B9C4E1ECC9CEB0016DA07 /* Build configuration list for PBXNativeTarget "AVAsset" */;
			buildPhases = (
				4A5B9C381ECC9CEB0016DA07 /* Sources */,
				4A5B9C391ECC9CEB0016DA07 /* Frameworks */,
				4A5B9C3A1ECC9CEB0016DA07 /* Resources */,
			);
			buildRules = (
			);
			dependencies = (
			);
			name = AVAsset;
			productName = AVAsset;
			productReference = 4A5B9C3C1ECC9CEB0016DA07 /* AVAsset.app */;
			productType = "com.apple.product-type.application";
		};
/* End PBXNativeTarget section */

/* Begin PBXProject section */
		4A5B9C341ECC9CEB0016DA07 /* Project object */ = {
			isa = PBXProject;
			attributes = {
				LastSwiftUpdateCheck = 0830;
				LastUpgradeCheck = 0830;
				ORGANIZATIONNAME = NAVER;
				TargetAttributes = {
					4A5B9C3B1ECC9CEB0016DA07 = {
						CreatedOnToolsVersion = 8.3.2;
						DevelopmentTeam = K9UP278937;
						ProvisioningStyle = Automatic;
					};
				};
			};
			buildConfigurationList = 4A5B9C371ECC9CEB0016DA07 /* Build configuration list for PBXProject "AVAsset" */;
			compatibilityVersion = "Xcode 3.2";
			developmentRegion = English;
			hasScannedForEncodings = 0;
			knownRegions = (
				en,
				Base,
			);
			mainGroup = 4A5B9C331ECC9CEB0016DA07;
			productRefGroup = 4A5B9C3D1ECC9CEB0016DA07 /* Products */;
			projectDirPath = "";
			projectRoot = "";
			targets = (
				4A5B9C3B1ECC9CEB0016DA07 /* AVAsset */,
			);
		};
/* End PBXProject section */

/* Begin PBXResourcesBuildPhase section */
		4A5B9C3A1ECC9CEB0016DA07 /* Resources */ = {
			isa = PBXResourcesBuildPhase;
			buildActionMask = 2147483647;
			files = (
				4A5B9C4A1ECC9CEB0016DA07 /* LaunchScreen.storyboard in Resources */,
				4A5B9C471ECC9CEB0016DA07 /* Assets.xcassets in Resources */,
				4A5B9C451ECC9CEB0016DA07 /* Main.storyboard in Resources */,
			);
			runOnlyForDeploymentPostprocessing = 0;
		};
/* End PBXResourcesBuildPhase section */

/* Begin PBXSourcesBuildPhase section */
		4A5B9C381ECC9CEB0016DA07 /* Sources */ = {
			isa = PBXSourcesBuildPhase;
			buildActionMask = 2147483647;
			files = (
				4A5B9C421ECC9CEB0016DA07 /* ViewController.swift in Sources */,
				4A5B9C541ECC9D940016DA07 /* IPODLibrary.swift in Sources */,
				4A5B9C521ECC9D060016DA07 /* ALAssetsLibrary.swift in Sources */,
				4A5B9C561ECC9FD10016DA07 /* AsyncLoad.swift in Sources */,
				4A5B9C401ECC9CEB0016DA07 /* AppDelegate.swift in Sources */,
			);
			runOnlyForDeploymentPostprocessing = 0;
		};
/* End PBXSourcesBuildPhase section */

/* Begin PBXVariantGroup section */
		4A5B9C431ECC9CEB0016DA07 /* Main.storyboard */ = {
			isa = PBXVariantGroup;
			children = (
				4A5B9C441ECC9CEB0016DA07 /* Base */,
			);
			name = Main.storyboard;
			sourceTree = "<group>";
		};
		4A5B9C481ECC9CEB0016DA07 /* LaunchScreen.storyboard */ = {
			isa = PBXVariantGroup;
			children = (
				4A5B9C491ECC9CEB0016DA07 /* Base */,
			);
			name = LaunchScreen.storyboard;
			sourceTree = "<group>";
		};
/* End PBXVariantGroup section */

/* Begin XCBuildConfiguration section */
		4A5B9C4C1ECC9CEB0016DA07 /* Debug */ = {
			isa = XCBuildConfiguration;
			buildSettings = {
				ALWAYS_SEARCH_USER_PATHS = NO;
				CLANG_ANALYZER_NONNULL = YES;
				CLANG_ANALYZER_NUMBER_OBJECT_CONVERSION = YES_AGGRESSIVE;
				CLANG_CXX_LANGUAGE_STANDARD = "gnu++0x";
				CLANG_CXX_LIBRARY = "libc++";
				CLANG_ENABLE_MODULES = YES;
				CLANG_ENABLE_OBJC_ARC = YES;
				CLANG_WARN_BOOL_CONVERSION = YES;
				CLANG_WARN_CONSTANT_CONVERSION = YES;
				CLANG_WARN_DIRECT_OBJC_ISA_USAGE = YES_ERROR;
				CLANG_WARN_DOCUMENTATION_COMMENTS = YES;
				CLANG_WARN_EMPTY_BODY = YES;
				CLANG_WARN_ENUM_CONVERSION = YES;
				CLANG_WARN_INFINITE_RECURSION = YES;
				CLANG_WARN_INT_CONVERSION = YES;
				CLANG_WARN_OBJC_ROOT_CLASS = YES_ERROR;
				CLANG_WARN_SUSPICIOUS_MOVE = YES;
				CLANG_WARN_UNREACHABLE_CODE = YES;
				CLANG_WARN__DUPLICATE_METHOD_MATCH = YES;
				"CODE_SIGN_IDENTITY[sdk=iphoneos*]" = "iPhone Developer";
				COPY_PHASE_STRIP = NO;
				DEBUG_INFORMATION_FORMAT = dwarf;
				ENABLE_STRICT_OBJC_MSGSEND = YES;
				ENABLE_TESTABILITY = YES;
				GCC_C_LANGUAGE_STANDARD = gnu99;
				GCC_DYNAMIC_NO_PIC = NO;
				GCC_NO_COMMON_BLOCKS = YES;
				GCC_OPTIMIZATION_LEVEL = 0;
				GCC_PREPROCESSOR_DEFINITIONS = (
					"DEBUG=1",
					"$(inherited)",
				);
				GCC_WARN_64_TO_32_BIT_CONVERSION = YES;
				GCC_WARN_ABOUT_RETURN_TYPE = YES_ERROR;
				GCC_WARN_UNDECLARED_SELECTOR = YES;
				GCC_WARN_UNINITIALIZED_AUTOS = YES_AGGRESSIVE;
				GCC_WARN_UNUSED_FUNCTION = YES;
				GCC_WARN_UNUSED_VARIABLE = YES;
				IPHONEOS_DEPLOYMENT_TARGET = 10.3;
				MTL_ENABLE_DEBUG_INFO = YES;
				ONLY_ACTIVE_ARCH = YES;
				SDKROOT = iphoneos;
				SWIFT_ACTIVE_COMPILATION_CONDITIONS = DEBUG;
				SWIFT_OPTIMIZATION_LEVEL = "-Onone";
			};
			name = Debug;
		};
		4A5B9C4D1ECC9CEB0016DA07 /* Release */ = {
			isa = XCBuildConfiguration;
			buildSettings = {
				ALWAYS_SEARCH_USER_PATHS = NO;
				CLANG_ANALYZER_NONNULL = YES;
				CLANG_ANALYZER_NUMBER_OBJECT_CONVERSION = YES_AGGRESSIVE;
				CLANG_CXX_LANGUAGE_STANDARD = "gnu++0x";
				CLANG_CXX_LIBRARY = "libc++";
				CLANG_ENABLE_MODULES = YES;
				CLANG_ENABLE_OBJC_ARC = YES;
				CLANG_WARN_BOOL_CONVERSION = YES;
				CLANG_WARN_CONSTANT_CONVERSION = YES;
				CLANG_WARN_DIRECT_OBJC_ISA_USAGE = YES_ERROR;
				CLANG_WARN_DOCUMENTATION_COMMENTS = YES;
				CLANG_WARN_EMPTY_BODY = YES;
				CLANG_WARN_ENUM_CONVERSION = YES;
				CLANG_WARN_INFINITE_RECURSION = YES;
				CLANG_WARN_INT_CONVERSION = YES;
				CLANG_WARN_OBJC_ROOT_CLASS = YES_ERROR;
				CLANG_WARN_SUSPICIOUS_MOVE = YES;
				CLANG_WARN_UNREACHABLE_CODE = YES;
				CLANG_WARN__DUPLICATE_METHOD_MATCH = YES;
				"CODE_SIGN_IDENTITY[sdk=iphoneos*]" = "iPhone Developer";
				COPY_PHASE_STRIP = NO;
				DEBUG_INFORMATION_FORMAT = "dwarf-with-dsym";
				ENABLE_NS_ASSERTIONS = NO;
				ENABLE_STRICT_OBJC_MSGSEND = YES;
				GCC_C_LANGUAGE_STANDARD = gnu99;
				GCC_NO_COMMON_BLOCKS = YES;
				GCC_WARN_64_TO_32_BIT_CONVERSION = YES;
				GCC_WARN_ABOUT_RETURN_TYPE = YES_ERROR;
				GCC_WARN_UNDECLARED_SELECTOR = YES;
				GCC_WARN_UNINITIALIZED_AUTOS = YES_AGGRESSIVE;
				GCC_WARN_UNUSED_FUNCTION = YES;
				GCC_WARN_UNUSED_VARIABLE = YES;
				IPHONEOS_DEPLOYMENT_TARGET = 10.3;
				MTL_ENABLE_DEBUG_INFO = NO;
				SDKROOT = iphoneos;
				SWIFT_OPTIMIZATION_LEVEL = "-Owholemodule";
				VALIDATE_PRODUCT = YES;
			};
			name = Release;
		};
		4A5B9C4F1ECC9CEB0016DA07 /* Debug */ = {
			isa = XCBuildConfiguration;
			buildSettings = {
				ASSETCATALOG_COMPILER_APPICON_NAME = AppIcon;
				DEVELOPMENT_TEAM = K9UP278937;
				INFOPLIST_FILE = AVAsset/Info.plist;
				LD_RUNPATH_SEARCH_PATHS = "$(inherited) @executable_path/Frameworks";
				PRODUCT_BUNDLE_IDENTIFIER = com.nhncorp.AVAsset;
				PRODUCT_NAME = "$(TARGET_NAME)";
				SWIFT_VERSION = 3.0;
			};
			name = Debug;
		};
		4A5B9C501ECC9CEB0016DA07 /* Release */ = {
			isa = XCBuildConfiguration;
			buildSettings = {
				ASSETCATALOG_COMPILER_APPICON_NAME = AppIcon;
				DEVELOPMENT_TEAM = K9UP278937;
				INFOPLIST_FILE = AVAsset/Info.plist;
				LD_RUNPATH_SEARCH_PATHS = "$(inherited) @executable_path/Frameworks";
				PRODUCT_BUNDLE_IDENTIFIER = com.nhncorp.AVAsset;
				PRODUCT_NAME = "$(TARGET_NAME)";
				SWIFT_VERSION = 3.0;
			};
			name = Release;
		};
/* End XCBuildConfiguration section */

/* Begin XCConfigurationList section */
		4A5B9C371ECC9CEB0016DA07 /* Build configuration list for PBXProject "AVAsset" */ = {
			isa = XCConfigurationList;
			buildConfigurations = (
				4A5B9C4C1ECC9CEB0016DA07 /* Debug */,
				4A5B9C4D1ECC9CEB0016DA07 /* Release */,
			);
			defaultConfigurationIsVisible = 0;
			defaultConfigurationName = Release;
		};
		4A5B9C4E1ECC9CEB0016DA07 /* Build configuration list for PBXNativeTarget "AVAsset" */ = {
			isa = XCConfigurationList;
			buildConfigurations = (
				4A5B9C4F1ECC9CEB0016DA07 /* Debug */,
				4A5B9C501ECC9CEB0016DA07 /* Release */,
			);
			defaultConfigurationIsVisible = 0;
		};
/* End XCConfigurationList section */
	};
	rootObject = 4A5B9C341ECC9CEB0016DA07 /* Project object */;
}
